
Microsoft Visual Studio Solution File, Format Version 12.00
# Visual Studio Version 17
VisualStudioVersion = 17.1.32210.238
MinimumVisualStudioVersion = 10.0.40219.1
Project("{FAE04EC0-301F-11D3-BF4B-00C04F79EFBC}") = "HarbintonApi", "HarbintonApi.csproj", "{D72E7837-6B9B-47E7-BE7C-0207D29653DD}"
EndProject
Global
	GlobalSection(SolutionConfigurationPlatforms) = preSolution
		Debug|Any CPU = Debug|Any CPU
		Release|Any CPU = Release|Any CPU
	EndGlobalSection
	GlobalSection(ProjectConfigurationPlatforms) = postSolution
		{D72E7837-6B9B-47E7-BE7C-0207D29653DD}.Debug|Any CPU.ActiveCfg = Debug|Any CPU
		{D72E7837-6B9B-47E7-BE7C-0207D29653DD}.Debug|Any CPU.Build.0 = Debug|Any CPU
		{D72E7837-6B9B-47E7-BE7C-0207D29653DD}.Release|Any CPU.ActiveCfg = Release|Any CPU
		{D72E7837-6B9B-47E7-BE7C-0207D29653DD}.Release|Any CPU.Build.0 = Release|Any CPU
	EndGlobalSection
	GlobalSection(SolutionProperties) = preSolution
		HideSolutionNode = FALSE
	EndGlobalSection
	GlobalSection(ExtensibilityGlobals) = postSolution
		SolutionGuid = {C21067E2-C626-45A5-B543-3826B5E04556}
	EndGlobalSection
EndGlobal
